
Microsoft Visual Studio Solution File, Format Version 12.00
# Visual Studio Version 17
VisualStudioVersion = 17.9.34616.47
MinimumVisualStudioVersion = 10.0.40219.1
Project("{FAE04EC0-301F-11D3-BF4B-00C04F79EFBC}") = "Uprajnenie 2 - CsharpDisc", "Uprajnenie 2 - CsharpDisc\Uprajnenie 2 - CsharpDisc.csproj", "{0BBFDCAD-DF40-4D38-B4F7-26132B2224DF}"
EndProject
Global
	GlobalSection(SolutionConfigurationPlatforms) = preSolution
		Debug|Any CPU = Debug|Any CPU
		Release|Any CPU = Release|Any CPU
	EndGlobalSection
	GlobalSection(ProjectConfigurationPlatforms) = postSolution
		{0BBFDCAD-DF40-4D38-B4F7-26132B2224DF}.Debug|Any CPU.ActiveCfg = Debug|Any CPU
		{0BBFDCAD-DF40-4D38-B4F7-26132B2224DF}.Debug|Any CPU.Build.0 = Debug|Any CPU
		{0BBFDCAD-DF40-4D38-B4F7-26132B2224DF}.Release|Any CPU.ActiveCfg = Release|Any CPU
		{0BBFDCAD-DF40-4D38-B4F7-26132B2224DF}.Release|Any CPU.Build.0 = Release|Any CPU
	EndGlobalSection
	GlobalSection(SolutionProperties) = preSolution
		HideSolutionNode = FALSE
	EndGlobalSection
	GlobalSection(ExtensibilityGlobals) = postSolution
		SolutionGuid = {3BDB4EF2-7AEF-4836-8268-CC6F0D26F888}
	EndGlobalSection
EndGlobal
